
Microsoft Visual Studio Solution File, Format Version 12.00
# Visual Studio Version 17
VisualStudioVersion = 17.14.36414.22 d17.14
MinimumVisualStudioVersion = 10.0.40219.1
Project("{FAE04EC0-301F-11D3-BF4B-00C04F79EFBC}") = "RestaurantWPF", "RestaurantWPF\RestaurantWPF.csproj", "{87D00EB3-7BF9-4A59-A767-AE7621F4C7EB}"
EndProject
Project("{FAE04EC0-301F-11D3-BF4B-00C04F79EFBC}") = "BusinessObjects", "BusinessObjects\BusinessObjects.csproj", "{0DD937BD-3995-4667-8BBF-4CBADE38C3C5}"
EndProject
Project("{FAE04EC0-301F-11D3-BF4B-00C04F79EFBC}") = "DataAccessLayer", "DataAccessLayer\DataAccessLayer.csproj", "{9EAE5787-BCAD-4368-9847-02E022BC74CD}"
EndProject
Project("{FAE04EC0-301F-11D3-BF4B-00C04F79EFBC}") = "BusinessLogicLayer", "BusinessLogicLayer\BusinessLogicLayer.csproj", "{E0FA6F75-D3F6-4476-8B11-3B07CA33D0A7}"
EndProject
Global
	GlobalSection(SolutionConfigurationPlatforms) = preSolution
		Debug|Any CPU = Debug|Any CPU
		Release|Any CPU = Release|Any CPU
	EndGlobalSection
	GlobalSection(ProjectConfigurationPlatforms) = postSolution
		{87D00EB3-7BF9-4A59-A767-AE7621F4C7EB}.Debug|Any CPU.ActiveCfg = Debug|Any CPU
		{87D00EB3-7BF9-4A59-A767-AE7621F4C7EB}.Debug|Any CPU.Build.0 = Debug|Any CPU
		{87D00EB3-7BF9-4A59-A767-AE7621F4C7EB}.Release|Any CPU.ActiveCfg = Release|Any CPU
		{87D00EB3-7BF9-4A59-A767-AE7621F4C7EB}.Release|Any CPU.Build.0 = Release|Any CPU
		{0DD937BD-3995-4667-8BBF-4CBADE38C3C5}.Debug|Any CPU.ActiveCfg = Debug|Any CPU
		{0DD937BD-3995-4667-8BBF-4CBADE38C3C5}.Debug|Any CPU.Build.0 = Debug|Any CPU
		{0DD937BD-3995-4667-8BBF-4CBADE38C3C5}.Release|Any CPU.ActiveCfg = Release|Any CPU
		{0DD937BD-3995-4667-8BBF-4CBADE38C3C5}.Release|Any CPU.Build.0 = Release|Any CPU
		{9EAE5787-BCAD-4368-9847-02E022BC74CD}.Debug|Any CPU.ActiveCfg = Debug|Any CPU
		{9EAE5787-BCAD-4368-9847-02E022BC74CD}.Debug|Any CPU.Build.0 = Debug|Any CPU
		{9EAE5787-BCAD-4368-9847-02E022BC74CD}.Release|Any CPU.ActiveCfg = Release|Any CPU
		{9EAE5787-BCAD-4368-9847-02E022BC74CD}.Release|Any CPU.Build.0 = Release|Any CPU
		{E0FA6F75-D3F6-4476-8B11-3B07CA33D0A7}.Debug|Any CPU.ActiveCfg = Debug|Any CPU
		{E0FA6F75-D3F6-4476-8B11-3B07CA33D0A7}.Debug|Any CPU.Build.0 = Debug|Any CPU
		{E0FA6F75-D3F6-4476-8B11-3B07CA33D0A7}.Release|Any CPU.ActiveCfg = Release|Any CPU
		{E0FA6F75-D3F6-4476-8B11-3B07CA33D0A7}.Release|Any CPU.Build.0 = Release|Any CPU
	EndGlobalSection
	GlobalSection(SolutionProperties) = preSolution
		HideSolutionNode = FALSE
	EndGlobalSection
	GlobalSection(ExtensibilityGlobals) = postSolution
		SolutionGuid = {3DE2B9A2-0135-427D-9B07-91F3DC217B58}
	EndGlobalSection
EndGlobal
